<Solution>
  <Configurations>
    <BuildType Name="Default" />
    <Platform Name="Default" />
  </Configurations>
  <Project Path="LAB02 Exercises/LAB02 Exercises.ssmssqlproj" Type="4f2e2c19-372f-40d8-9fa7-9d2138c6997a">
    <Platform Project="?" />
    <Build Project="false" />
  </Project>
  <Project Path="LAB02 Solutions/LAB02 Solutions.ssmssqlproj" Type="4f2e2c19-372f-40d8-9fa7-9d2138c6997a">
    <Platform Project="?" />
    <Build Project="false" />
  </Project>
  <Project Path="LAB03 Exercises/LAB03 Exercises.ssmssqlproj" Type="4f2e2c19-372f-40d8-9fa7-9d2138c6997a">
    <Platform Project="?" />
    <Build Project="false" />
  </Project>
  <Project Path="LAB03 Solutions/LAB03 Solutions.ssmssqlproj" Type="4f2e2c19-372f-40d8-9fa7-9d2138c6997a">
    <Platform Project="?" />
    <Build Project="false" />
  </Project>
  <Project Path="LAB04 Exercises/LAB04 Exercises.ssmssqlproj" Type="4f2e2c19-372f-40d8-9fa7-9d2138c6997a">
    <Platform Project="?" />
    <Build Project="false" />
  </Project>
  <Project Path="LAB04 Solutions/LAB04 Solutions.ssmssqlproj" Type="4f2e2c19-372f-40d8-9fa7-9d2138c6997a">
    <Platform Project="?" />
    <Build Project="false" />
  </Project>
  <Project Path="LAB05 Exercises/LAB05 Exercises.ssmssqlproj" Type="4f2e2c19-372f-40d8-9fa7-9d2138c6997a">
    <Platform Project="?" />
    <Build Project="false" />
  </Project>
  <Project Path="LAB05 Solutions/LAB05 Solutions.ssmssqlproj" Type="4f2e2c19-372f-40d8-9fa7-9d2138c6997a">
    <Platform Project="?" />
    <Build Project="false" />
  </Project>
  <Project Path="LAB06 Exercises/LAB06 Exercises.ssmssqlproj" Type="4f2e2c19-372f-40d8-9fa7-9d2138c6997a">
    <Platform Project="?" />
    <Build Project="false" />
  </Project>
  <Project Path="LAB06 Solutions/LAB06 Solutions.ssmssqlproj" Type="4f2e2c19-372f-40d8-9fa7-9d2138c6997a">
    <Platform Project="?" />
    <Build Project="false" />
  </Project>
  <Project Path="LAB07 Exercises/LAB07 Exercises.ssmssqlproj" Type="4f2e2c19-372f-40d8-9fa7-9d2138c6997a">
    <Platform Project="?" />
    <Build Project="false" />
  </Project>
  <Project Path="LAB07 Solutions/LAB07 Solutions.ssmssqlproj" Type="4f2e2c19-372f-40d8-9fa7-9d2138c6997a">
    <Platform Project="?" />
    <Build Project="false" />
  </Project>
  <Project Path="LAB08 Exercises/LAB08 Exercises.ssmssqlproj" Type="4f2e2c19-372f-40d8-9fa7-9d2138c6997a">
    <Platform Project="?" />
    <Build Project="false" />
  </Project>
  <Project Path="LAB08 Solutions/LAB08 Solutions.ssmssqlproj" Type="4f2e2c19-372f-40d8-9fa7-9d2138c6997a">
    <Platform Project="?" />
    <Build Project="false" />
  </Project>
  <Project Path="LAB09 Exercises/LAB09 Exercises.ssmssqlproj" Type="4f2e2c19-372f-40d8-9fa7-9d2138c6997a">
    <Platform Project="?" />
    <Build Project="false" />
  </Project>
  <Project Path="LAB10 Exercises/LAB10 Exercises.ssmssqlproj" Type="4f2e2c19-372f-40d8-9fa7-9d2138c6997a">
    <Platform Project="?" />
    <Build Project="false" />
  </Project>
  <Project Path="LAB10 Solution/LAB10 Solution.ssmssqlproj" Type="4f2e2c19-372f-40d8-9fa7-9d2138c6997a">
    <Platform Project="?" />
    <Build Project="false" />
  </Project>
  <Project Path="LAB11 Exercises/LAB11 Exercises.ssmssqlproj" Type="4f2e2c19-372f-40d8-9fa7-9d2138c6997a">
    <Platform Project="?" />
    <Build Project="false" />
  </Project>
  <Project Path="LAB11 Solutions/LAB11 Solutions.ssmssqlproj" Type="4f2e2c19-372f-40d8-9fa7-9d2138c6997a">
    <Platform Project="?" />
    <Build Project="false" />
  </Project>
</Solution>
